
Microsoft Visual Studio Solution File, Format Version 12.00
# Visual Studio Version 17
VisualStudioVersion = 17.14.36705.20 d17.14
MinimumVisualStudioVersion = 10.0.40219.1
Project("{FAE04EC0-301F-11D3-BF4B-00C04F79EFBC}") = "tiktaktó", "tiktaktó.csproj", "{057BC3FF-9710-4393-BCC1-8706FD25A218}"
EndProject
Global
	GlobalSection(SolutionConfigurationPlatforms) = preSolution
		Debug|Any CPU = Debug|Any CPU
		Release|Any CPU = Release|Any CPU
	EndGlobalSection
	GlobalSection(ProjectConfigurationPlatforms) = postSolution
		{057BC3FF-9710-4393-BCC1-8706FD25A218}.Debug|Any CPU.ActiveCfg = Debug|Any CPU
		{057BC3FF-9710-4393-BCC1-8706FD25A218}.Debug|Any CPU.Build.0 = Debug|Any CPU
		{057BC3FF-9710-4393-BCC1-8706FD25A218}.Release|Any CPU.ActiveCfg = Release|Any CPU
		{057BC3FF-9710-4393-BCC1-8706FD25A218}.Release|Any CPU.Build.0 = Release|Any CPU
	EndGlobalSection
	GlobalSection(SolutionProperties) = preSolution
		HideSolutionNode = FALSE
	EndGlobalSection
	GlobalSection(ExtensibilityGlobals) = postSolution
		SolutionGuid = {CFE34D8B-BDAC-4460-B8F0-98EA6230EA14}
	EndGlobalSection
EndGlobal
